// !$*UTF8*$!
{
	archiveVersion = 1;
	classes = {
	};
	objectVersion = 46;
	objects = {

/* Begin PBXFileReference section */
		8C6943B61C75C4D4007C1FA9 /* DnD5e.ogb */ = {isa = PBXFileReference; lastKnownFileType = text.xml; path = DnD5e.ogb; sourceTree = "<group>"; };
		8C6943B71C75C4D4007C1FA9 /* ogre-0.1.xsd */ = {isa = PBXFileReference; lastKnownFileType = text.xml; path = "ogre-0.1.xsd"; sourceTree = "<group>"; };
		8C6943B81C75C4D4007C1FA9 /* ogre-0.1.dtd */ = {isa = PBXFileReference; lastKnownFileType = text.xml; path = "ogre-0.1.dtd"; sourceTree = "<group>"; };
		8CF6C1E41C66CEC700F88061 /* OGRE 1.png */ = {isa = PBXFileReference; lastKnownFileType = image.png; path = "OGRE 1.png"; sourceTree = "<group>"; };
/* End PBXFileReference section */

/* Begin PBXGroup section */
		8C52855E1C66A03A0013ABF4 = {
			isa = PBXGroup;
			children = (
				8CF6C1E41C66CEC700F88061 /* OGRE 1.png */,
				8C6943B61C75C4D4007C1FA9 /* DnD5e.ogb */,
				8C6943B71C75C4D4007C1FA9 /* ogre-0.1.xsd */,
				8C6943B81C75C4D4007C1FA9 /* ogre-0.1.dtd */,
			);
			sourceTree = "<group>";
		};
/* End PBXGroup section */

/* Begin PBXProject section */
		8C52855F1C66A03A0013ABF4 /* Project object */ = {
			isa = PBXProject;
			attributes = {
				LastUpgradeCheck = 0720;
			};
			buildConfigurationList = 8C5285621C66A03A0013ABF4 /* Build configuration list for PBXProject "OGRE" */;
			compatibilityVersion = "Xcode 3.2";
			developmentRegion = English;
			hasScannedForEncodings = 0;
			knownRegions = (
				en,
			);
			mainGroup = 8C52855E1C66A03A0013ABF4;
			projectDirPath = "";
			projectRoot = "";
			targets = (
			);
		};
/* End PBXProject section */

/* Begin XCBuildConfiguration section */
		8C5285631C66A03A0013ABF4 /* Debug */ = {
			isa = XCBuildConfiguration;
			buildSettings = {
			};
			name = Debug;
		};
		8C5285641C66A03A0013ABF4 /* Release */ = {
			isa = XCBuildConfiguration;
			buildSettings = {
			};
			name = Release;
		};
/* End XCBuildConfiguration section */

/* Begin XCConfigurationList section */
		8C5285621C66A03A0013ABF4 /* Build configuration list for PBXProject "OGRE" */ = {
			isa = XCConfigurationList;
			buildConfigurations = (
				8C5285631C66A03A0013ABF4 /* Debug */,
				8C5285641C66A03A0013ABF4 /* Release */,
			);
			defaultConfigurationIsVisible = 0;
			defaultConfigurationName = Release;
		};
/* End XCConfigurationList section */
	};
	rootObject = 8C52855F1C66A03A0013ABF4 /* Project object */;
}
